
Microsoft Visual Studio Solution File, Format Version 12.00
# Visual Studio Version 17
VisualStudioVersion = 17.5.002.0
MinimumVisualStudioVersion = 10.0.40219.1
Project("{9A19103F-16F7-4668-BE54-9A1E7A4F7556}") = "AsaHelper", "AsaHelper.csproj", "{AE4568C8-D931-4A64-873A-28CE9D826DDC}"
EndProject
Global
	GlobalSection(SolutionConfigurationPlatforms) = preSolution
		Debug|Any CPU = Debug|Any CPU
		Release|Any CPU = Release|Any CPU
	EndGlobalSection
	GlobalSection(ProjectConfigurationPlatforms) = postSolution
		{AE4568C8-D931-4A64-873A-28CE9D826DDC}.Debug|Any CPU.ActiveCfg = Debug|Any CPU
		{AE4568C8-D931-4A64-873A-28CE9D826DDC}.Debug|Any CPU.Build.0 = Debug|Any CPU
		{AE4568C8-D931-4A64-873A-28CE9D826DDC}.Release|Any CPU.ActiveCfg = Release|Any CPU
		{AE4568C8-D931-4A64-873A-28CE9D826DDC}.Release|Any CPU.Build.0 = Release|Any CPU
	EndGlobalSection
	GlobalSection(SolutionProperties) = preSolution
		HideSolutionNode = FALSE
	EndGlobalSection
	GlobalSection(ExtensibilityGlobals) = postSolution
		SolutionGuid = {CE1D7D2D-B0F9-4AE8-816E-1FE4FD70B081}
	EndGlobalSection
EndGlobal
